<?xml version="1.0" encoding="utf-8"?>
<Project ToolsVersion="4.0" xmlns="http://schemas.microsoft.com/developer/msbuild/2003">
  <ItemGroup>
    <ClCompile Include="Level-Editor.cpp" />
    <ClCompile Include="CButton.cpp">
      <Filter>UI</Filter>
    </ClCompile>
    <ClCompile Include="CButtonSprite.cpp">
      <Filter>UI</Filter>
    </ClCompile>
    <ClCompile Include="CHoverUI.cpp">
      <Filter>UI</Filter>
    </ClCompile>
    <ClCompile Include="CUISprite.cpp">
      <Filter>UI</Filter>
    </ClCompile>
    <ClCompile Include="SBaseSprite.cpp">
      <Filter>SpriteSystem</Filter>
    </ClCompile>
    <ClCompile Include="CWorldSprite.cpp">
      <Filter>SpriteSystem</Filter>
    </ClCompile>
    <ClCompile Include="SMatrix4x4.cpp">
      <Filter>Math</Filter>
    </ClCompile>
    <ClCompile Include="Maths.cpp">
      <Filter>Math</Filter>
    </ClCompile>
    <ClCompile Include="CLevel.cpp">
      <Filter>LevelSystem</Filter>
    </ClCompile>
    <ClCompile Include="CCore.cpp">
      <Filter>Core</Filter>
    </ClCompile>
    <ClCompile Include="CInput.cpp">
      <Filter>Core</Filter>
    </ClCompile>
    <ClCompile Include="CTime.cpp">
      <Filter>Core</Filter>
    </ClCompile>
    <ClCompile Include="CTextInputBox.cpp">
      <Filter>UI</Filter>
    </ClCompile>
    <ClCompile Include="SMapData.cpp">
      <Filter>LevelSystem</Filter>
    </ClCompile>
    <ClCompile Include="CMapIO.cpp">
      <Filter>LevelSystem</Filter>
    </ClCompile>
    <ClCompile Include="TileNameSettings.cpp">
      <Filter>LevelSystem</Filter>
    </ClCompile>
    <ClCompile Include="CWorldSpriteMul.cpp">
      <Filter>SpriteSystem</Filter>
    </ClCompile>
  </ItemGroup>
  <ItemGroup>
    <ClInclude Include="BUILD_ORDER.h" />
    <ClInclude Include="CButton.h">
      <Filter>UI</Filter>
    </ClInclude>
    <ClInclude Include="CButtonSprite.h">
      <Filter>UI</Filter>
    </ClInclude>
    <ClInclude Include="CHoverUI.h">
      <Filter>UI</Filter>
    </ClInclude>
    <ClInclude Include="CUISprite.h">
      <Filter>UI</Filter>
    </ClInclude>
    <ClInclude Include="SBaseSprite.h">
      <Filter>SpriteSystem</Filter>
    </ClInclude>
    <ClInclude Include="CWorldSprite.h">
      <Filter>SpriteSystem</Filter>
    </ClInclude>
    <ClInclude Include="SVector3D.h">
      <Filter>Math</Filter>
    </ClInclude>
    <ClInclude Include="SVector2D.h">
      <Filter>Math</Filter>
    </ClInclude>
    <ClInclude Include="SMatrix4x4.h">
      <Filter>Math</Filter>
    </ClInclude>
    <ClInclude Include="Maths.h">
      <Filter>Math</Filter>
    </ClInclude>
    <ClInclude Include="SUIData.h">
      <Filter>UI</Filter>
    </ClInclude>
    <ClInclude Include="CLevel.h">
      <Filter>LevelSystem</Filter>
    </ClInclude>
    <ClInclude Include="CCore.h">
      <Filter>Core</Filter>
    </ClInclude>
    <ClInclude Include="CInput.h">
      <Filter>Core</Filter>
    </ClInclude>
    <ClInclude Include="CTime.h">
      <Filter>Core</Filter>
    </ClInclude>
    <ClInclude Include="CTextInputBox.h">
      <Filter>UI</Filter>
    </ClInclude>
    <ClInclude Include="ESpawnerTypes.h">
      <Filter>LevelSystem</Filter>
    </ClInclude>
    <ClInclude Include="ETileType.h">
      <Filter>LevelSystem</Filter>
    </ClInclude>
    <ClInclude Include="SMapData.h">
      <Filter>LevelSystem</Filter>
    </ClInclude>
    <ClInclude Include="TileNameSettings.h">
      <Filter>LevelSystem</Filter>
    </ClInclude>
    <ClInclude Include="CMapIO.h">
      <Filter>LevelSystem</Filter>
    </ClInclude>
    <ClInclude Include="CWorldSpriteMul.h">
      <Filter>SpriteSystem</Filter>
    </ClInclude>
  </ItemGroup>
  <ItemGroup>
    <Filter Include="UI">
      <UniqueIdentifier>{50c7f2b0-e448-48f9-96c3-fb316f5f2693}</UniqueIdentifier>
    </Filter>
    <Filter Include="SpriteSystem">
      <UniqueIdentifier>{9939befa-608e-4f9f-8928-fcd10a450ffa}</UniqueIdentifier>
    </Filter>
    <Filter Include="Math">
      <UniqueIdentifier>{395eb44d-85dd-4486-aff4-be8ebb8579d4}</UniqueIdentifier>
    </Filter>
    <Filter Include="Core">
      <UniqueIdentifier>{0eb0a309-fc72-4151-be9a-132fce563f54}</UniqueIdentifier>
    </Filter>
    <Filter Include="LevelSystem">
      <UniqueIdentifier>{a5241cdc-75d4-4ddd-b357-f9cdc8dfa047}</UniqueIdentifier>
    </Filter>
  </ItemGroup>
</Project>